
Microsoft Visual Studio Solution File, Format Version 12.00
# Visual Studio 15
VisualStudioVersion = 15.0.28307.1433
MinimumVisualStudioVersion = 10.0.40219.1
Project("{FAE04EC0-301F-11D3-BF4B-00C04F79EFBC}") = "Exercicio_28", "Exercicio_28\Exercicio_28.csproj", "{058BACAE-FF69-49D5-AECF-429B67751614}"
EndProject
Global
	GlobalSection(SolutionConfigurationPlatforms) = preSolution
		Debug|Any CPU = Debug|Any CPU
		Release|Any CPU = Release|Any CPU
	EndGlobalSection
	GlobalSection(ProjectConfigurationPlatforms) = postSolution
		{058BACAE-FF69-49D5-AECF-429B67751614}.Debug|Any CPU.ActiveCfg = Debug|Any CPU
		{058BACAE-FF69-49D5-AECF-429B67751614}.Debug|Any CPU.Build.0 = Debug|Any CPU
		{058BACAE-FF69-49D5-AECF-429B67751614}.Release|Any CPU.ActiveCfg = Release|Any CPU
		{058BACAE-FF69-49D5-AECF-429B67751614}.Release|Any CPU.Build.0 = Release|Any CPU
	EndGlobalSection
	GlobalSection(SolutionProperties) = preSolution
		HideSolutionNode = FALSE
	EndGlobalSection
	GlobalSection(ExtensibilityGlobals) = postSolution
		SolutionGuid = {DFDFACE8-1695-41ED-A3DA-640D61289F3D}
	EndGlobalSection
EndGlobal
